PODS:
  - iOSSnapshotTestCase (6.0.0):
    - iOSSnapshotTestCase/SwiftSupport (= 6.0.0)
  - iOSSnapshotTestCase/Core (6.0.0)
  - iOSSnapshotTestCase/SwiftSupport (6.0.0):
    - iOSSnapshotTestCase/Core
  - RxAtomic (4.4.2)
  - RxCocoa (4.4.2):
    - RxSwift (>= 4.4.2, ~> 4.4)
  - RxSwift (4.4.2):
    - RxAtomic (>= 4.4.2, ~> 4.4)
  - SwiftFormat/CLI (0.39.5)

DEPENDENCIES:
  - iOSSnapshotTestCase
  - RxCocoa (~> 4.0)
  - RxSwift (~> 4.0)
  - SwiftFormat/CLI

SPEC REPOS:
  https://github.com/cocoapods/specs.git:
    - iOSSnapshotTestCase
    - RxAtomic
    - RxCocoa
    - RxSwift
    - SwiftFormat

SPEC CHECKSUMS:
  iOSSnapshotTestCase: f592adfdedffe6113a55528ce698ccc457a550f1
  RxAtomic: d00e97c10db88c6f08540e0bf2752fc5a2404167
  RxCocoa: 477990dc3b4c3ff55fb0ac77e1cc06244e0aaec8
  RxSwift: 74c29b693c8e42b0f64400e8b06564575742d649
  SwiftFormat: 082b6ee68dbf8ba1bee9e8cd508ddb094f535fbb

PODFILE CHECKSUM: 8fa244d101e96c48751a552c0790825536ace939

COCOAPODS: 1.6.1
